// !$*UTF8*$!
{
	archiveVersion = 1;
	classes = {
	};
	objectVersion = 46;
	objects = {

/* Begin PBXBuildFile section */
		57969F501F4ECC8C0028C955 /* RootViewController.m in Sources */ = {isa = PBXBuildFile; fileRef = 57969F4F1F4ECC8C0028C955 /* RootViewController.m */; };
		57B4CEEF1F4FBC52001BF31F /* OCBarrageTrackInfo.m in Sources */ = {isa = PBXBuildFile; fileRef = 57B4CEEE1F4FBC52001BF31F /* OCBarrageTrackInfo.m */; };
		57D513E71F4E964300B2E8A7 /* main.m in Sources */ = {isa = PBXBuildFile; fileRef = 57D513E61F4E964300B2E8A7 /* main.m */; };
		57D513EA1F4E964300B2E8A7 /* AppDelegate.m in Sources */ = {isa = PBXBuildFile; fileRef = 57D513E91F4E964300B2E8A7 /* AppDelegate.m */; };
		57D513ED1F4E964300B2E8A7 /* ViewController.m in Sources */ = {isa = PBXBuildFile; fileRef = 57D513EC1F4E964300B2E8A7 /* ViewController.m */; };
		57D513F01F4E964300B2E8A7 /* Main.storyboard in Resources */ = {isa = PBXBuildFile; fileRef = 57D513EE1F4E964300B2E8A7 /* Main.storyboard */; };
		57D513F21F4E964300B2E8A7 /* Assets.xcassets in Resources */ = {isa = PBXBuildFile; fileRef = 57D513F11F4E964300B2E8A7 /* Assets.xcassets */; };
		57D513F51F4E964300B2E8A7 /* LaunchScreen.storyboard in Resources */ = {isa = PBXBuildFile; fileRef = 57D513F31F4E964300B2E8A7 /* LaunchScreen.storyboard */; };
		57D514001F4E964300B2E8A7 /* OCBarrageTests.m in Sources */ = {isa = PBXBuildFile; fileRef = 57D513FF1F4E964300B2E8A7 /* OCBarrageTests.m */; };
		57D5140B1F4E964300B2E8A7 /* OCBarrageUITests.m in Sources */ = {isa = PBXBuildFile; fileRef = 57D5140A1F4E964300B2E8A7 /* OCBarrageUITests.m */; };
		57D514261F4E967700B2E8A7 /* OCBarrageCell.m in Sources */ = {isa = PBXBuildFile; fileRef = 57D5141A1F4E967700B2E8A7 /* OCBarrageCell.m */; };
		57D514271F4E967700B2E8A7 /* OCBarrageDescriptor.m in Sources */ = {isa = PBXBuildFile; fileRef = 57D5141C1F4E967700B2E8A7 /* OCBarrageDescriptor.m */; };
		57D514281F4E967700B2E8A7 /* OCBarrageManager.m in Sources */ = {isa = PBXBuildFile; fileRef = 57D5141F1F4E967700B2E8A7 /* OCBarrageManager.m */; };
		57D514291F4E967700B2E8A7 /* OCBarrageRenderView.m in Sources */ = {isa = PBXBuildFile; fileRef = 57D514211F4E967700B2E8A7 /* OCBarrageRenderView.m */; };
		57D5142A1F4E967700B2E8A7 /* OCBarrageTextCell.m in Sources */ = {isa = PBXBuildFile; fileRef = 57D514231F4E967700B2E8A7 /* OCBarrageTextCell.m */; };
		57D5142B1F4E967700B2E8A7 /* OCBarrageTextDescriptor.m in Sources */ = {isa = PBXBuildFile; fileRef = 57D514251F4E967700B2E8A7 /* OCBarrageTextDescriptor.m */; };
/* End PBXBuildFile section */

/* Begin PBXContainerItemProxy section */
		57D513FC1F4E964300B2E8A7 /* PBXContainerItemProxy */ = {
			isa = PBXContainerItemProxy;
			containerPortal = 57D513DA1F4E964300B2E8A7 /* Project object */;
			proxyType = 1;
			remoteGlobalIDString = 57D513E11F4E964300B2E8A7;
			remoteInfo = OCBarrage;
		};
		57D514071F4E964300B2E8A7 /* PBXContainerItemProxy */ = {
			isa = PBXContainerItemProxy;
			containerPortal = 57D513DA1F4E964300B2E8A7 /* Project object */;
			proxyType = 1;
			remoteGlobalIDString = 57D513E11F4E964300B2E8A7;
			remoteInfo = OCBarrage;
		};
/* End PBXContainerItemProxy section */

/* Begin PBXFileReference section */
		57969F4E1F4ECC8C0028C955 /* RootViewController.h */ = {isa = PBXFileReference; fileEncoding = 4; lastKnownFileType = sourcecode.c.h; path = RootViewController.h; sourceTree = "<group>"; };
		57969F4F1F4ECC8C0028C955 /* RootViewController.m */ = {isa = PBXFileReference; fileEncoding = 4; lastKnownFileType = sourcecode.c.objc; path = RootViewController.m; sourceTree = "<group>"; };
		57B4CEED1F4FBC52001BF31F /* OCBarrageTrackInfo.h */ = {isa = PBXFileReference; fileEncoding = 4; lastKnownFileType = sourcecode.c.h; path = OCBarrageTrackInfo.h; sourceTree = "<group>"; };
		57B4CEEE1F4FBC52001BF31F /* OCBarrageTrackInfo.m */ = {isa = PBXFileReference; fileEncoding = 4; lastKnownFileType = sourcecode.c.objc; path = OCBarrageTrackInfo.m; sourceTree = "<group>"; };
		57D513E21F4E964300B2E8A7 /* OCBarrage.app */ = {isa = PBXFileReference; explicitFileType = wrapper.application; includeInIndex = 0; path = OCBarrage.app; sourceTree = BUILT_PRODUCTS_DIR; };
		57D513E61F4E964300B2E8A7 /* main.m */ = {isa = PBXFileReference; lastKnownFileType = sourcecode.c.objc; path = main.m; sourceTree = "<group>"; };
		57D513E81F4E964300B2E8A7 /* AppDelegate.h */ = {isa = PBXFileReference; lastKnownFileType = sourcecode.c.h; path = AppDelegate.h; sourceTree = "<group>"; };
		57D513E91F4E964300B2E8A7 /* AppDelegate.m */ = {isa = PBXFileReference; lastKnownFileType = sourcecode.c.objc; path = AppDelegate.m; sourceTree = "<group>"; };
		57D513EB1F4E964300B2E8A7 /* ViewController.h */ = {isa = PBXFileReference; lastKnownFileType = sourcecode.c.h; path = ViewController.h; sourceTree = "<group>"; };
		57D513EC1F4E964300B2E8A7 /* ViewController.m */ = {isa = PBXFileReference; lastKnownFileType = sourcecode.c.objc; path = ViewController.m; sourceTree = "<group>"; };
		57D513EF1F4E964300B2E8A7 /* Base */ = {isa = PBXFileReference; lastKnownFileType = file.storyboard; name = Base; path = Base.lproj/Main.storyboard; sourceTree = "<group>"; };
		57D513F11F4E964300B2E8A7 /* Assets.xcassets */ = {isa = PBXFileReference; lastKnownFileType = folder.assetcatalog; path = Assets.xcassets; sourceTree = "<group>"; };
		57D513F41F4E964300B2E8A7 /* Base */ = {isa = PBXFileReference; lastKnownFileType = file.storyboard; name = Base; path = Base.lproj/LaunchScreen.storyboard; sourceTree = "<group>"; };
		57D513F61F4E964300B2E8A7 /* Info.plist */ = {isa = PBXFileReference; lastKnownFileType = text.plist.xml; path = Info.plist; sourceTree = "<group>"; };
		57D513FB1F4E964300B2E8A7 /* OCBarrageTests.xctest */ = {isa = PBXFileReference; explicitFileType = wrapper.cfbundle; includeInIndex = 0; path = OCBarrageTests.xctest; sourceTree = BUILT_PRODUCTS_DIR; };
		57D513FF1F4E964300B2E8A7 /* OCBarrageTests.m */ = {isa = PBXFileReference; lastKnownFileType = sourcecode.c.objc; path = OCBarrageTests.m; sourceTree = "<group>"; };
		57D514011F4E964300B2E8A7 /* Info.plist */ = {isa = PBXFileReference; lastKnownFileType = text.plist.xml; path = Info.plist; sourceTree = "<group>"; };
		57D514061F4E964300B2E8A7 /* OCBarrageUITests.xctest */ = {isa = PBXFileReference; explicitFileType = wrapper.cfbundle; includeInIndex = 0; path = OCBarrageUITests.xctest; sourceTree = BUILT_PRODUCTS_DIR; };
		57D5140A1F4E964300B2E8A7 /* OCBarrageUITests.m */ = {isa = PBXFileReference; lastKnownFileType = sourcecode.c.objc; path = OCBarrageUITests.m; sourceTree = "<group>"; };
		57D5140C1F4E964300B2E8A7 /* Info.plist */ = {isa = PBXFileReference; lastKnownFileType = text.plist.xml; path = Info.plist; sourceTree = "<group>"; };
		57D514191F4E967700B2E8A7 /* OCBarrageCell.h */ = {isa = PBXFileReference; fileEncoding = 4; lastKnownFileType = sourcecode.c.h; path = OCBarrageCell.h; sourceTree = "<group>"; };
		57D5141A1F4E967700B2E8A7 /* OCBarrageCell.m */ = {isa = PBXFileReference; fileEncoding = 4; lastKnownFileType = sourcecode.c.objc; path = OCBarrageCell.m; sourceTree = "<group>"; };
		57D5141B1F4E967700B2E8A7 /* OCBarrageDescriptor.h */ = {isa = PBXFileReference; fileEncoding = 4; lastKnownFileType = sourcecode.c.h; path = OCBarrageDescriptor.h; sourceTree = "<group>"; };
		57D5141C1F4E967700B2E8A7 /* OCBarrageDescriptor.m */ = {isa = PBXFileReference; fileEncoding = 4; lastKnownFileType = sourcecode.c.objc; path = OCBarrageDescriptor.m; sourceTree = "<group>"; };
		57D5141D1F4E967700B2E8A7 /* OCBarrageHeader.h */ = {isa = PBXFileReference; fileEncoding = 4; lastKnownFileType = sourcecode.c.h; path = OCBarrageHeader.h; sourceTree = "<group>"; };
		57D5141E1F4E967700B2E8A7 /* OCBarrageManager.h */ = {isa = PBXFileReference; fileEncoding = 4; lastKnownFileType = sourcecode.c.h; path = OCBarrageManager.h; sourceTree = "<group>"; };
		57D5141F1F4E967700B2E8A7 /* OCBarrageManager.m */ = {isa = PBXFileReference; fileEncoding = 4; lastKnownFileType = sourcecode.c.objc; path = OCBarrageManager.m; sourceTree = "<group>"; };
		57D514201F4E967700B2E8A7 /* OCBarrageRenderView.h */ = {isa = PBXFileReference; fileEncoding = 4; lastKnownFileType = sourcecode.c.h; path = OCBarrageRenderView.h; sourceTree = "<group>"; };
		57D514211F4E967700B2E8A7 /* OCBarrageRenderView.m */ = {isa = PBXFileReference; fileEncoding = 4; lastKnownFileType = sourcecode.c.objc; path = OCBarrageRenderView.m; sourceTree = "<group>"; };
		57D514221F4E967700B2E8A7 /* OCBarrageTextCell.h */ = {isa = PBXFileReference; fileEncoding = 4; lastKnownFileType = sourcecode.c.h; path = OCBarrageTextCell.h; sourceTree = "<group>"; };
		57D514231F4E967700B2E8A7 /* OCBarrageTextCell.m */ = {isa = PBXFileReference; fileEncoding = 4; lastKnownFileType = sourcecode.c.objc; path = OCBarrageTextCell.m; sourceTree = "<group>"; };
		57D514241F4E967700B2E8A7 /* OCBarrageTextDescriptor.h */ = {isa = PBXFileReference; fileEncoding = 4; lastKnownFileType = sourcecode.c.h; path = OCBarrageTextDescriptor.h; sourceTree = "<group>"; };
		57D514251F4E967700B2E8A7 /* OCBarrageTextDescriptor.m */ = {isa = PBXFileReference; fileEncoding = 4; lastKnownFileType = sourcecode.c.objc; path = OCBarrageTextDescriptor.m; sourceTree = "<group>"; };
/* End PBXFileReference section */

/* Begin PBXFrameworksBuildPhase section */
		57D513DF1F4E964300B2E8A7 /* Frameworks */ = {
			isa = PBXFrameworksBuildPhase;
			buildActionMask = 2147483647;
			files = (
			);
			runOnlyForDeploymentPostprocessing = 0;
		};
		57D513F81F4E964300B2E8A7 /* Frameworks */ = {
			isa = PBXFrameworksBuildPhase;
			buildActionMask = 2147483647;
			files = (
			);
			runOnlyForDeploymentPostprocessing = 0;
		};
		57D514031F4E964300B2E8A7 /* Frameworks */ = {
			isa = PBXFrameworksBuildPhase;
			buildActionMask = 2147483647;
			files = (
			);
			runOnlyForDeploymentPostprocessing = 0;
		};
/* End PBXFrameworksBuildPhase section */

/* Begin PBXGroup section */
		57D513D91F4E964300B2E8A7 = {
			isa = PBXGroup;
			children = (
				57D513E41F4E964300B2E8A7 /* OCBarrage */,
				57D513FE1F4E964300B2E8A7 /* OCBarrageTests */,
				57D514091F4E964300B2E8A7 /* OCBarrageUITests */,
				57D513E31F4E964300B2E8A7 /* Products */,
			);
			sourceTree = "<group>";
		};
		57D513E31F4E964300B2E8A7 /* Products */ = {
			isa = PBXGroup;
			children = (
				57D513E21F4E964300B2E8A7 /* OCBarrage.app */,
				57D513FB1F4E964300B2E8A7 /* OCBarrageTests.xctest */,
				57D514061F4E964300B2E8A7 /* OCBarrageUITests.xctest */,
			);
			name = Products;
			sourceTree = "<group>";
		};
		57D513E41F4E964300B2E8A7 /* OCBarrage */ = {
			isa = PBXGroup;
			children = (
				57D514181F4E967700B2E8A7 /* OCBarrage */,
				57D513E81F4E964300B2E8A7 /* AppDelegate.h */,
				57D513E91F4E964300B2E8A7 /* AppDelegate.m */,
				57969F4E1F4ECC8C0028C955 /* RootViewController.h */,
				57969F4F1F4ECC8C0028C955 /* RootViewController.m */,
				57D513EB1F4E964300B2E8A7 /* ViewController.h */,
				57D513EC1F4E964300B2E8A7 /* ViewController.m */,
				57D513EE1F4E964300B2E8A7 /* Main.storyboard */,
				57D513F11F4E964300B2E8A7 /* Assets.xcassets */,
				57D513F31F4E964300B2E8A7 /* LaunchScreen.storyboard */,
				57D513F61F4E964300B2E8A7 /* Info.plist */,
				57D513E51F4E964300B2E8A7 /* Supporting Files */,
			);
			path = OCBarrage;
			sourceTree = "<group>";
		};
		57D513E51F4E964300B2E8A7 /* Supporting Files */ = {
			isa = PBXGroup;
			children = (
				57D513E61F4E964300B2E8A7 /* main.m */,
			);
			name = "Supporting Files";
			sourceTree = "<group>";
		};
		57D513FE1F4E964300B2E8A7 /* OCBarrageTests */ = {
			isa = PBXGroup;
			children = (
				57D513FF1F4E964300B2E8A7 /* OCBarrageTests.m */,
				57D514011F4E964300B2E8A7 /* Info.plist */,
			);
			path = OCBarrageTests;
			sourceTree = "<group>";
		};
		57D514091F4E964300B2E8A7 /* OCBarrageUITests */ = {
			isa = PBXGroup;
			children = (
				57D5140A1F4E964300B2E8A7 /* OCBarrageUITests.m */,
				57D5140C1F4E964300B2E8A7 /* Info.plist */,
			);
			path = OCBarrageUITests;
			sourceTree = "<group>";
		};
		57D514181F4E967700B2E8A7 /* OCBarrage */ = {
			isa = PBXGroup;
			children = (
				57D514191F4E967700B2E8A7 /* OCBarrageCell.h */,
				57D5141A1F4E967700B2E8A7 /* OCBarrageCell.m */,
				57D5141B1F4E967700B2E8A7 /* OCBarrageDescriptor.h */,
				57D5141C1F4E967700B2E8A7 /* OCBarrageDescriptor.m */,
				57D5141D1F4E967700B2E8A7 /* OCBarrageHeader.h */,
				57D5141E1F4E967700B2E8A7 /* OCBarrageManager.h */,
				57D5141F1F4E967700B2E8A7 /* OCBarrageManager.m */,
				57B4CEED1F4FBC52001BF31F /* OCBarrageTrackInfo.h */,
				57B4CEEE1F4FBC52001BF31F /* OCBarrageTrackInfo.m */,
				57D514201F4E967700B2E8A7 /* OCBarrageRenderView.h */,
				57D514211F4E967700B2E8A7 /* OCBarrageRenderView.m */,
				57D514221F4E967700B2E8A7 /* OCBarrageTextCell.h */,
				57D514231F4E967700B2E8A7 /* OCBarrageTextCell.m */,
				57D514241F4E967700B2E8A7 /* OCBarrageTextDescriptor.h */,
				57D514251F4E967700B2E8A7 /* OCBarrageTextDescriptor.m */,
			);
			path = OCBarrage;
			sourceTree = "<group>";
		};
/* End PBXGroup section */

/* Begin PBXNativeTarget section */
		57D513E11F4E964300B2E8A7 /* OCBarrage */ = {
			isa = PBXNativeTarget;
			buildConfigurationList = 57D5140F1F4E964300B2E8A7 /* Build configuration list for PBXNativeTarget "OCBarrage" */;
			buildPhases = (
				57D513DE1F4E964300B2E8A7 /* Sources */,
				57D513DF1F4E964300B2E8A7 /* Frameworks */,
				57D513E01F4E964300B2E8A7 /* Resources */,
			);
			buildRules = (
			);
			dependencies = (
			);
			name = OCBarrage;
			productName = OCBarrage;
			productReference = 57D513E21F4E964300B2E8A7 /* OCBarrage.app */;
			productType = "com.apple.product-type.application";
		};
		57D513FA1F4E964300B2E8A7 /* OCBarrageTests */ = {
			isa = PBXNativeTarget;
			buildConfigurationList = 57D514121F4E964300B2E8A7 /* Build configuration list for PBXNativeTarget "OCBarrageTests" */;
			buildPhases = (
				57D513F71F4E964300B2E8A7 /* Sources */,
				57D513F81F4E964300B2E8A7 /* Frameworks */,
				57D513F91F4E964300B2E8A7 /* Resources */,
			);
			buildRules = (
			);
			dependencies = (
				57D513FD1F4E964300B2E8A7 /* PBXTargetDependency */,
			);
			name = OCBarrageTests;
			productName = OCBarrageTests;
			productReference = 57D513FB1F4E964300B2E8A7 /* OCBarrageTests.xctest */;
			productType = "com.apple.product-type.bundle.unit-test";
		};
		57D514051F4E964300B2E8A7 /* OCBarrageUITests */ = {
			isa = PBXNativeTarget;
			buildConfigurationList = 57D514151F4E964300B2E8A7 /* Build configuration list for PBXNativeTarget "OCBarrageUITests" */;
			buildPhases = (
				57D514021F4E964300B2E8A7 /* Sources */,
				57D514031F4E964300B2E8A7 /* Frameworks */,
				57D514041F4E964300B2E8A7 /* Resources */,
			);
			buildRules = (
			);
			dependencies = (
				57D514081F4E964300B2E8A7 /* PBXTargetDependency */,
			);
			name = OCBarrageUITests;
			productName = OCBarrageUITests;
			productReference = 57D514061F4E964300B2E8A7 /* OCBarrageUITests.xctest */;
			productType = "com.apple.product-type.bundle.ui-testing";
		};
/* End PBXNativeTarget section */

/* Begin PBXProject section */
		57D513DA1F4E964300B2E8A7 /* Project object */ = {
			isa = PBXProject;
			attributes = {
				LastUpgradeCheck = 0830;
				ORGANIZATIONNAME = LFC;
				TargetAttributes = {
					57D513E11F4E964300B2E8A7 = {
						CreatedOnToolsVersion = 8.3.3;
						DevelopmentTeam = 4K5N79DF8Y;
						ProvisioningStyle = Automatic;
					};
					57D513FA1F4E964300B2E8A7 = {
						CreatedOnToolsVersion = 8.3.3;
						ProvisioningStyle = Automatic;
						TestTargetID = 57D513E11F4E964300B2E8A7;
					};
					57D514051F4E964300B2E8A7 = {
						CreatedOnToolsVersion = 8.3.3;
						ProvisioningStyle = Automatic;
						TestTargetID = 57D513E11F4E964300B2E8A7;
					};
				};
			};
			buildConfigurationList = 57D513DD1F4E964300B2E8A7 /* Build configuration list for PBXProject "OCBarrage" */;
			compatibilityVersion = "Xcode 3.2";
			developmentRegion = English;
			hasScannedForEncodings = 0;
			knownRegions = (
				en,
				Base,
			);
			mainGroup = 57D513D91F4E964300B2E8A7;
			productRefGroup = 57D513E31F4E964300B2E8A7 /* Products */;
			projectDirPath = "";
			projectRoot = "";
			targets = (
				57D513E11F4E964300B2E8A7 /* OCBarrage */,
				57D513FA1F4E964300B2E8A7 /* OCBarrageTests */,
				57D514051F4E964300B2E8A7 /* OCBarrageUITests */,
			);
		};
/* End PBXProject section */

/* Begin PBXResourcesBuildPhase section */
		57D513E01F4E964300B2E8A7 /* Resources */ = {
			isa = PBXResourcesBuildPhase;
			buildActionMask = 2147483647;
			files = (
				57D513F51F4E964300B2E8A7 /* LaunchScreen.storyboard in Resources */,
				57D513F21F4E964300B2E8A7 /* Assets.xcassets in Resources */,
				57D513F01F4E964300B2E8A7 /* Main.storyboard in Resources */,
			);
			runOnlyForDeploymentPostprocessing = 0;
		};
		57D513F91F4E964300B2E8A7 /* Resources */ = {
			isa = PBXResourcesBuildPhase;
			buildActionMask = 2147483647;
			files = (
			);
			runOnlyForDeploymentPostprocessing = 0;
		};
		57D514041F4E964300B2E8A7 /* Resources */ = {
			isa = PBXResourcesBuildPhase;
			buildActionMask = 2147483647;
			files = (
			);
			runOnlyForDeploymentPostprocessing = 0;
		};
/* End PBXResourcesBuildPhase section */

/* Begin PBXSourcesBuildPhase section */
		57D513DE1F4E964300B2E8A7 /* Sources */ = {
			isa = PBXSourcesBuildPhase;
			buildActionMask = 2147483647;
			files = (
				57D514281F4E967700B2E8A7 /* OCBarrageManager.m in Sources */,
				57D5142A1F4E967700B2E8A7 /* OCBarrageTextCell.m in Sources */,
				57D514291F4E967700B2E8A7 /* OCBarrageRenderView.m in Sources */,
				57D514261F4E967700B2E8A7 /* OCBarrageCell.m in Sources */,
				57969F501F4ECC8C0028C955 /* RootViewController.m in Sources */,
				57D513ED1F4E964300B2E8A7 /* ViewController.m in Sources */,
				57D5142B1F4E967700B2E8A7 /* OCBarrageTextDescriptor.m in Sources */,
				57D514271F4E967700B2E8A7 /* OCBarrageDescriptor.m in Sources */,
				57D513EA1F4E964300B2E8A7 /* AppDelegate.m in Sources */,
				57B4CEEF1F4FBC52001BF31F /* OCBarrageTrackInfo.m in Sources */,
				57D513E71F4E964300B2E8A7 /* main.m in Sources */,
			);
			runOnlyForDeploymentPostprocessing = 0;
		};
		57D513F71F4E964300B2E8A7 /* Sources */ = {
			isa = PBXSourcesBuildPhase;
			buildActionMask = 2147483647;
			files = (
				57D514001F4E964300B2E8A7 /* OCBarrageTests.m in Sources */,
			);
			runOnlyForDeploymentPostprocessing = 0;
		};
		57D514021F4E964300B2E8A7 /* Sources */ = {
			isa = PBXSourcesBuildPhase;
			buildActionMask = 2147483647;
			files = (
				57D5140B1F4E964300B2E8A7 /* OCBarrageUITests.m in Sources */,
			);
			runOnlyForDeploymentPostprocessing = 0;
		};
/* End PBXSourcesBuildPhase section */

/* Begin PBXTargetDependency section */
		57D513FD1F4E964300B2E8A7 /* PBXTargetDependency */ = {
			isa = PBXTargetDependency;
			target = 57D513E11F4E964300B2E8A7 /* OCBarrage */;
			targetProxy = 57D513FC1F4E964300B2E8A7 /* PBXContainerItemProxy */;
		};
		57D514081F4E964300B2E8A7 /* PBXTargetDependency */ = {
			isa = PBXTargetDependency;
			target = 57D513E11F4E964300B2E8A7 /* OCBarrage */;
			targetProxy = 57D514071F4E964300B2E8A7 /* PBXContainerItemProxy */;
		};
/* End PBXTargetDependency section */

/* Begin PBXVariantGroup section */
		57D513EE1F4E964300B2E8A7 /* Main.storyboard */ = {
			isa = PBXVariantGroup;
			children = (
				57D513EF1F4E964300B2E8A7 /* Base */,
			);
			name = Main.storyboard;
			sourceTree = "<group>";
		};
		57D513F31F4E964300B2E8A7 /* LaunchScreen.storyboard */ = {
			isa = PBXVariantGroup;
			children = (
				57D513F41F4E964300B2E8A7 /* Base */,
			);
			name = LaunchScreen.storyboard;
			sourceTree = "<group>";
		};
/* End PBXVariantGroup section */

/* Begin XCBuildConfiguration section */
		57D5140D1F4E964300B2E8A7 /* Debug */ = {
			isa = XCBuildConfiguration;
			buildSettings = {
				ALWAYS_SEARCH_USER_PATHS = NO;
				CLANG_ANALYZER_NONNULL = YES;
				CLANG_ANALYZER_NUMBER_OBJECT_CONVERSION = YES_AGGRESSIVE;
				CLANG_CXX_LANGUAGE_STANDARD = "gnu++0x";
				CLANG_CXX_LIBRARY = "libc++";
				CLANG_ENABLE_MODULES = YES;
				CLANG_ENABLE_OBJC_ARC = YES;
				CLANG_WARN_BOOL_CONVERSION = YES;
				CLANG_WARN_CONSTANT_CONVERSION = YES;
				CLANG_WARN_DIRECT_OBJC_ISA_USAGE = YES_ERROR;
				CLANG_WARN_DOCUMENTATION_COMMENTS = YES;
				CLANG_WARN_EMPTY_BODY = YES;
				CLANG_WARN_ENUM_CONVERSION = YES;
				CLANG_WARN_INFINITE_RECURSION = YES;
				CLANG_WARN_INT_CONVERSION = YES;
				CLANG_WARN_OBJC_ROOT_CLASS = YES_ERROR;
				CLANG_WARN_SUSPICIOUS_MOVE = YES;
				CLANG_WARN_UNREACHABLE_CODE = YES;
				CLANG_WARN__DUPLICATE_METHOD_MATCH = YES;
				"CODE_SIGN_IDENTITY[sdk=iphoneos*]" = "iPhone Developer";
				COPY_PHASE_STRIP = NO;
				DEBUG_INFORMATION_FORMAT = "dwarf-with-dsym";
				ENABLE_STRICT_OBJC_MSGSEND = YES;
				ENABLE_TESTABILITY = YES;
				GCC_C_LANGUAGE_STANDARD = gnu99;
				GCC_DYNAMIC_NO_PIC = NO;
				GCC_NO_COMMON_BLOCKS = YES;
				GCC_OPTIMIZATION_LEVEL = 0;
				GCC_PREPROCESSOR_DEFINITIONS = (
					"DEBUG=1",
					"$(inherited)",
				);
				GCC_WARN_64_TO_32_BIT_CONVERSION = YES;
				GCC_WARN_ABOUT_RETURN_TYPE = YES_ERROR;
				GCC_WARN_UNDECLARED_SELECTOR = YES;
				GCC_WARN_UNINITIALIZED_AUTOS = YES_AGGRESSIVE;
				GCC_WARN_UNUSED_FUNCTION = YES;
				GCC_WARN_UNUSED_VARIABLE = YES;
				IPHONEOS_DEPLOYMENT_TARGET = 8.0;
				MTL_ENABLE_DEBUG_INFO = YES;
				ONLY_ACTIVE_ARCH = YES;
				SDKROOT = iphoneos;
				TARGETED_DEVICE_FAMILY = "1,2";
			};
			name = Debug;
		};
		57D5140E1F4E964300B2E8A7 /* Release */ = {
			isa = XCBuildConfiguration;
			buildSettings = {
				ALWAYS_SEARCH_USER_PATHS = NO;
				CLANG_ANALYZER_NONNULL = YES;
				CLANG_ANALYZER_NUMBER_OBJECT_CONVERSION = YES_AGGRESSIVE;
				CLANG_CXX_LANGUAGE_STANDARD = "gnu++0x";
				CLANG_CXX_LIBRARY = "libc++";
				CLANG_ENABLE_MODULES = YES;
				CLANG_ENABLE_OBJC_ARC = YES;
				CLANG_WARN_BOOL_CONVERSION = YES;
				CLANG_WARN_CONSTANT_CONVERSION = YES;
				CLANG_WARN_DIRECT_OBJC_ISA_USAGE = YES_ERROR;
				CLANG_WARN_DOCUMENTATION_COMMENTS = YES;
				CLANG_WARN_EMPTY_BODY = YES;
				CLANG_WARN_ENUM_CONVERSION = YES;
				CLANG_WARN_INFINITE_RECURSION = YES;
				CLANG_WARN_INT_CONVERSION = YES;
				CLANG_WARN_OBJC_ROOT_CLASS = YES_ERROR;
				CLANG_WARN_SUSPICIOUS_MOVE = YES;
				CLANG_WARN_UNREACHABLE_CODE = YES;
				CLANG_WARN__DUPLICATE_METHOD_MATCH = YES;
				"CODE_SIGN_IDENTITY[sdk=iphoneos*]" = "iPhone Developer";
				COPY_PHASE_STRIP = NO;
				DEBUG_INFORMATION_FORMAT = "dwarf-with-dsym";
				ENABLE_NS_ASSERTIONS = NO;
				ENABLE_STRICT_OBJC_MSGSEND = YES;
				GCC_C_LANGUAGE_STANDARD = gnu99;
				GCC_NO_COMMON_BLOCKS = YES;
				GCC_WARN_64_TO_32_BIT_CONVERSION = YES;
				GCC_WARN_ABOUT_RETURN_TYPE = YES_ERROR;
				GCC_WARN_UNDECLARED_SELECTOR = YES;
				GCC_WARN_UNINITIALIZED_AUTOS = YES_AGGRESSIVE;
				GCC_WARN_UNUSED_FUNCTION = YES;
				GCC_WARN_UNUSED_VARIABLE = YES;
				IPHONEOS_DEPLOYMENT_TARGET = 8.0;
				MTL_ENABLE_DEBUG_INFO = NO;
				SDKROOT = iphoneos;
				TARGETED_DEVICE_FAMILY = "1,2";
				VALIDATE_PRODUCT = YES;
			};
			name = Release;
		};
		57D514101F4E964300B2E8A7 /* Debug */ = {
			isa = XCBuildConfiguration;
			buildSettings = {
				ASSETCATALOG_COMPILER_APPICON_NAME = AppIcon;
				DEBUG_INFORMATION_FORMAT = "dwarf-with-dsym";
				DEVELOPMENT_TEAM = 4K5N79DF8Y;
				INFOPLIST_FILE = OCBarrage/Info.plist;
				IPHONEOS_DEPLOYMENT_TARGET = 8.0;
				LD_RUNPATH_SEARCH_PATHS = "$(inherited) @executable_path/Frameworks";
				PRODUCT_BUNDLE_IDENTIFIER = com.lfc.OCBarrage;
				PRODUCT_NAME = "$(TARGET_NAME)";
			};
			name = Debug;
		};
		57D514111F4E964300B2E8A7 /* Release */ = {
			isa = XCBuildConfiguration;
			buildSettings = {
				ASSETCATALOG_COMPILER_APPICON_NAME = AppIcon;
				DEVELOPMENT_TEAM = 4K5N79DF8Y;
				INFOPLIST_FILE = OCBarrage/Info.plist;
				IPHONEOS_DEPLOYMENT_TARGET = 8.0;
				LD_RUNPATH_SEARCH_PATHS = "$(inherited) @executable_path/Frameworks";
				PRODUCT_BUNDLE_IDENTIFIER = com.lfc.OCBarrage;
				PRODUCT_NAME = "$(TARGET_NAME)";
			};
			name = Release;
		};
		57D514131F4E964300B2E8A7 /* Debug */ = {
			isa = XCBuildConfiguration;
			buildSettings = {
				BUNDLE_LOADER = "$(TEST_HOST)";
				INFOPLIST_FILE = OCBarrageTests/Info.plist;
				LD_RUNPATH_SEARCH_PATHS = "$(inherited) @executable_path/Frameworks @loader_path/Frameworks";
				PRODUCT_BUNDLE_IDENTIFIER = com.quanmin.OCBarrageTests;
				PRODUCT_NAME = "$(TARGET_NAME)";
				TEST_HOST = "$(BUILT_PRODUCTS_DIR)/OCBarrage.app/OCBarrage";
			};
			name = Debug;
		};
		57D514141F4E964300B2E8A7 /* Release */ = {
			isa = XCBuildConfiguration;
			buildSettings = {
				BUNDLE_LOADER = "$(TEST_HOST)";
				INFOPLIST_FILE = OCBarrageTests/Info.plist;
				LD_RUNPATH_SEARCH_PATHS = "$(inherited) @executable_path/Frameworks @loader_path/Frameworks";
				PRODUCT_BUNDLE_IDENTIFIER = com.quanmin.OCBarrageTests;
				PRODUCT_NAME = "$(TARGET_NAME)";
				TEST_HOST = "$(BUILT_PRODUCTS_DIR)/OCBarrage.app/OCBarrage";
			};
			name = Release;
		};
		57D514161F4E964300B2E8A7 /* Debug */ = {
			isa = XCBuildConfiguration;
			buildSettings = {
				INFOPLIST_FILE = OCBarrageUITests/Info.plist;
				LD_RUNPATH_SEARCH_PATHS = "$(inherited) @executable_path/Frameworks @loader_path/Frameworks";
				PRODUCT_BUNDLE_IDENTIFIER = com.quanmin.OCBarrageUITests;
				PRODUCT_NAME = "$(TARGET_NAME)";
				TEST_TARGET_NAME = OCBarrage;
			};
			name = Debug;
		};
		57D514171F4E964300B2E8A7 /* Release */ = {
			isa = XCBuildConfiguration;
			buildSettings = {
				INFOPLIST_FILE = OCBarrageUITests/Info.plist;
				LD_RUNPATH_SEARCH_PATHS = "$(inherited) @executable_path/Frameworks @loader_path/Frameworks";
				PRODUCT_BUNDLE_IDENTIFIER = com.quanmin.OCBarrageUITests;
				PRODUCT_NAME = "$(TARGET_NAME)";
				TEST_TARGET_NAME = OCBarrage;
			};
			name = Release;
		};
/* End XCBuildConfiguration section */

/* Begin XCConfigurationList section */
		57D513DD1F4E964300B2E8A7 /* Build configuration list for PBXProject "OCBarrage" */ = {
			isa = XCConfigurationList;
			buildConfigurations = (
				57D5140D1F4E964300B2E8A7 /* Debug */,
				57D5140E1F4E964300B2E8A7 /* Release */,
			);
			defaultConfigurationIsVisible = 0;
			defaultConfigurationName = Release;
		};
		57D5140F1F4E964300B2E8A7 /* Build configuration list for PBXNativeTarget "OCBarrage" */ = {
			isa = XCConfigurationList;
			buildConfigurations = (
				57D514101F4E964300B2E8A7 /* Debug */,
				57D514111F4E964300B2E8A7 /* Release */,
			);
			defaultConfigurationIsVisible = 0;
			defaultConfigurationName = Release;
		};
		57D514121F4E964300B2E8A7 /* Build configuration list for PBXNativeTarget "OCBarrageTests" */ = {
			isa = XCConfigurationList;
			buildConfigurations = (
				57D514131F4E964300B2E8A7 /* Debug */,
				57D514141F4E964300B2E8A7 /* Release */,
			);
			defaultConfigurationIsVisible = 0;
			defaultConfigurationName = Release;
		};
		57D514151F4E964300B2E8A7 /* Build configuration list for PBXNativeTarget "OCBarrageUITests" */ = {
			isa = XCConfigurationList;
			buildConfigurations = (
				57D514161F4E964300B2E8A7 /* Debug */,
				57D514171F4E964300B2E8A7 /* Release */,
			);
			defaultConfigurationIsVisible = 0;
			defaultConfigurationName = Release;
		};
/* End XCConfigurationList section */
	};
	rootObject = 57D513DA1F4E964300B2E8A7 /* Project object */;
}
